// !$*UTF8*$!
{
	archiveVersion = 1;
	classes = {
	};
	objectVersion = 56;
	objects = {

/* Begin PBXBuildFile section */
		BB1393322A6A5202004511F8 /* PostView.swift in Sources */ = {isa = PBXBuildFile; fileRef = BB1393312A6A5202004511F8 /* PostView.swift */; };
		BB1942372A69F6EA00E92B4E /* Posts.swift in Sources */ = {isa = PBXBuildFile; fileRef = BB1942362A69F6EA00E92B4E /* Posts.swift */; };
		BB841D5F2A69DCC800D68185 /* TestIngresoApp.swift in Sources */ = {isa = PBXBuildFile; fileRef = BB841D5E2A69DCC800D68185 /* TestIngresoApp.swift */; };
		BB841D612A69DCC800D68185 /* ContentView.swift in Sources */ = {isa = PBXBuildFile; fileRef = BB841D602A69DCC800D68185 /* ContentView.swift */; };
		BB841D632A69DCCB00D68185 /* Assets.xcassets in Resources */ = {isa = PBXBuildFile; fileRef = BB841D622A69DCCB00D68185 /* Assets.xcassets */; };
		BB841D662A69DCCB00D68185 /* Preview Assets.xcassets in Resources */ = {isa = PBXBuildFile; fileRef = BB841D652A69DCCB00D68185 /* Preview Assets.xcassets */; };
		BB841D6D2A69DD1A00D68185 /* Users.swift in Sources */ = {isa = PBXBuildFile; fileRef = BB841D6C2A69DD1A00D68185 /* Users.swift */; };
		BB841D712A69DF4E00D68185 /* ListView.swift in Sources */ = {isa = PBXBuildFile; fileRef = BB841D702A69DF4E00D68185 /* ListView.swift */; };
		BBAAE8182A6E244E004529B4 /* LoadingView.swift in Sources */ = {isa = PBXBuildFile; fileRef = BBAAE8172A6E244D004529B4 /* LoadingView.swift */; };
		BBC6894C2A6B8FF70041FC19 /* UserService.swift in Sources */ = {isa = PBXBuildFile; fileRef = BBC6894B2A6B8FF70041FC19 /* UserService.swift */; };
		BBC689502A6B91190041FC19 /* PostService.swift in Sources */ = {isa = PBXBuildFile; fileRef = BBC6894F2A6B91190041FC19 /* PostService.swift */; };
/* End PBXBuildFile section */

/* Begin PBXFileReference section */
		BB1393312A6A5202004511F8 /* PostView.swift */ = {isa = PBXFileReference; lastKnownFileType = sourcecode.swift; path = PostView.swift; sourceTree = "<group>"; };
		BB1942362A69F6EA00E92B4E /* Posts.swift */ = {isa = PBXFileReference; lastKnownFileType = sourcecode.swift; path = Posts.swift; sourceTree = "<group>"; };
		BB841D5B2A69DCC800D68185 /* TestIngreso.app */ = {isa = PBXFileReference; explicitFileType = wrapper.application; includeInIndex = 0; path = TestIngreso.app; sourceTree = BUILT_PRODUCTS_DIR; };
		BB841D5E2A69DCC800D68185 /* TestIngresoApp.swift */ = {isa = PBXFileReference; lastKnownFileType = sourcecode.swift; path = TestIngresoApp.swift; sourceTree = "<group>"; };
		BB841D602A69DCC800D68185 /* ContentView.swift */ = {isa = PBXFileReference; lastKnownFileType = sourcecode.swift; path = ContentView.swift; sourceTree = "<group>"; };
		BB841D622A69DCCB00D68185 /* Assets.xcassets */ = {isa = PBXFileReference; lastKnownFileType = folder.assetcatalog; path = Assets.xcassets; sourceTree = "<group>"; };
		BB841D652A69DCCB00D68185 /* Preview Assets.xcassets */ = {isa = PBXFileReference; lastKnownFileType = folder.assetcatalog; path = "Preview Assets.xcassets"; sourceTree = "<group>"; };
		BB841D6C2A69DD1A00D68185 /* Users.swift */ = {isa = PBXFileReference; lastKnownFileType = sourcecode.swift; path = Users.swift; sourceTree = "<group>"; };
		BB841D702A69DF4E00D68185 /* ListView.swift */ = {isa = PBXFileReference; lastKnownFileType = sourcecode.swift; path = ListView.swift; sourceTree = "<group>"; };
		BBAAE8172A6E244D004529B4 /* LoadingView.swift */ = {isa = PBXFileReference; fileEncoding = 4; lastKnownFileType = sourcecode.swift; path = LoadingView.swift; sourceTree = "<group>"; };
		BBC6894B2A6B8FF70041FC19 /* UserService.swift */ = {isa = PBXFileReference; lastKnownFileType = sourcecode.swift; path = UserService.swift; sourceTree = "<group>"; };
		BBC6894F2A6B91190041FC19 /* PostService.swift */ = {isa = PBXFileReference; lastKnownFileType = sourcecode.swift; path = PostService.swift; sourceTree = "<group>"; };
/* End PBXFileReference section */

/* Begin PBXFrameworksBuildPhase section */
		BB841D582A69DCC800D68185 /* Frameworks */ = {
			isa = PBXFrameworksBuildPhase;
			buildActionMask = 2147483647;
			files = (
			);
			runOnlyForDeploymentPostprocessing = 0;
		};
/* End PBXFrameworksBuildPhase section */

/* Begin PBXGroup section */
		BB841D522A69DCC800D68185 = {
			isa = PBXGroup;
			children = (
				BB841D5D2A69DCC800D68185 /* TestIngreso */,
				BB841D5C2A69DCC800D68185 /* Products */,
			);
			sourceTree = "<group>";
		};
		BB841D5C2A69DCC800D68185 /* Products */ = {
			isa = PBXGroup;
			children = (
				BB841D5B2A69DCC800D68185 /* TestIngreso.app */,
			);
			name = Products;
			sourceTree = "<group>";
		};
		BB841D5D2A69DCC800D68185 /* TestIngreso */ = {
			isa = PBXGroup;
			children = (
				BBC6894A2A6B8FBB0041FC19 /* Services */,
				BBC689472A6B8EC70041FC19 /* Models */,
				BBC689482A6B8EE90041FC19 /* Views */,
				BBC689492A6B8F400041FC19 /* ViewModels */,
				BB841D622A69DCCB00D68185 /* Assets.xcassets */,
				BB841D642A69DCCB00D68185 /* Preview Content */,
			);
			path = TestIngreso;
			sourceTree = "<group>";
		};
		BB841D642A69DCCB00D68185 /* Preview Content */ = {
			isa = PBXGroup;
			children = (
				BB841D652A69DCCB00D68185 /* Preview Assets.xcassets */,
			);
			path = "Preview Content";
			sourceTree = "<group>";
		};
		BBC689472A6B8EC70041FC19 /* Models */ = {
			isa = PBXGroup;
			children = (
				BB841D6C2A69DD1A00D68185 /* Users.swift */,
				BB1942362A69F6EA00E92B4E /* Posts.swift */,
			);
			path = Models;
			sourceTree = "<group>";
		};
		BBC689482A6B8EE90041FC19 /* Views */ = {
			isa = PBXGroup;
			children = (
				BBAAE8172A6E244D004529B4 /* LoadingView.swift */,
				BB841D602A69DCC800D68185 /* ContentView.swift */,
				BB841D702A69DF4E00D68185 /* ListView.swift */,
				BB1393312A6A5202004511F8 /* PostView.swift */,
			);
			path = Views;
			sourceTree = "<group>";
		};
		BBC689492A6B8F400041FC19 /* ViewModels */ = {
			isa = PBXGroup;
			children = (
				BB841D5E2A69DCC800D68185 /* TestIngresoApp.swift */,
			);
			path = ViewModels;
			sourceTree = "<group>";
		};
		BBC6894A2A6B8FBB0041FC19 /* Services */ = {
			isa = PBXGroup;
			children = (
				BBC6894B2A6B8FF70041FC19 /* UserService.swift */,
				BBC6894F2A6B91190041FC19 /* PostService.swift */,
			);
			path = Services;
			sourceTree = "<group>";
		};
/* End PBXGroup section */

/* Begin PBXNativeTarget section */
		BB841D5A2A69DCC800D68185 /* TestIngreso */ = {
			isa = PBXNativeTarget;
			buildConfigurationList = BB841D692A69DCCB00D68185 /* Build configuration list for PBXNativeTarget "TestIngreso" */;
			buildPhases = (
				BB841D572A69DCC800D68185 /* Sources */,
				BB841D582A69DCC800D68185 /* Frameworks */,
				BB841D592A69DCC800D68185 /* Resources */,
			);
			buildRules = (
			);
			dependencies = (
			);
			name = TestIngreso;
			productName = TestIngreso;
			productReference = BB841D5B2A69DCC800D68185 /* TestIngreso.app */;
			productType = "com.apple.product-type.application";
		};
/* End PBXNativeTarget section */

/* Begin PBXProject section */
		BB841D532A69DCC800D68185 /* Project object */ = {
			isa = PBXProject;
			attributes = {
				BuildIndependentTargetsInParallel = 1;
				LastSwiftUpdateCheck = 1500;
				LastUpgradeCheck = 1500;
				TargetAttributes = {
					BB841D5A2A69DCC800D68185 = {
						CreatedOnToolsVersion = 15.0;
					};
				};
			};
			buildConfigurationList = BB841D562A69DCC800D68185 /* Build configuration list for PBXProject "TestIngreso" */;
			compatibilityVersion = "Xcode 14.0";
			developmentRegion = en;
			hasScannedForEncodings = 0;
			knownRegions = (
				en,
				Base,
			);
			mainGroup = BB841D522A69DCC800D68185;
			productRefGroup = BB841D5C2A69DCC800D68185 /* Products */;
			projectDirPath = "";
			projectRoot = "";
			targets = (
				BB841D5A2A69DCC800D68185 /* TestIngreso */,
			);
		};
/* End PBXProject section */

/* Begin PBXResourcesBuildPhase section */
		BB841D592A69DCC800D68185 /* Resources */ = {
			isa = PBXResourcesBuildPhase;
			buildActionMask = 2147483647;
			files = (
				BB841D662A69DCCB00D68185 /* Preview Assets.xcassets in Resources */,
				BB841D632A69DCCB00D68185 /* Assets.xcassets in Resources */,
			);
			runOnlyForDeploymentPostprocessing = 0;
		};
/* End PBXResourcesBuildPhase section */

/* Begin PBXSourcesBuildPhase section */
		BB841D572A69DCC800D68185 /* Sources */ = {
			isa = PBXSourcesBuildPhase;
			buildActionMask = 2147483647;
			files = (
				BBC6894C2A6B8FF70041FC19 /* UserService.swift in Sources */,
				BB841D612A69DCC800D68185 /* ContentView.swift in Sources */,
				BB1942372A69F6EA00E92B4E /* Posts.swift in Sources */,
				BBC689502A6B91190041FC19 /* PostService.swift in Sources */,
				BB841D6D2A69DD1A00D68185 /* Users.swift in Sources */,
				BB841D712A69DF4E00D68185 /* ListView.swift in Sources */,
				BB1393322A6A5202004511F8 /* PostView.swift in Sources */,
				BB841D5F2A69DCC800D68185 /* TestIngresoApp.swift in Sources */,
				BBAAE8182A6E244E004529B4 /* LoadingView.swift in Sources */,
			);
			runOnlyForDeploymentPostprocessing = 0;
		};
/* End PBXSourcesBuildPhase section */

/* Begin XCBuildConfiguration section */
		BB841D672A69DCCB00D68185 /* Debug */ = {
			isa = XCBuildConfiguration;
			buildSettings = {
				ALWAYS_SEARCH_USER_PATHS = NO;
				ASSETCATALOG_COMPILER_GENERATE_SWIFT_ASSET_SYMBOL_EXTENSIONS = YES;
				CLANG_ANALYZER_NONNULL = YES;
				CLANG_ANALYZER_NUMBER_OBJECT_CONVERSION = YES_AGGRESSIVE;
				CLANG_CXX_LANGUAGE_STANDARD = "gnu++20";
				CLANG_ENABLE_MODULES = YES;
				CLANG_ENABLE_OBJC_ARC = YES;
				CLANG_ENABLE_OBJC_WEAK = YES;
				CLANG_WARN_BLOCK_CAPTURE_AUTORELEASING = YES;
				CLANG_WARN_BOOL_CONVERSION = YES;
				CLANG_WARN_COMMA = YES;
				CLANG_WARN_CONSTANT_CONVERSION = YES;
				CLANG_WARN_DEPRECATED_OBJC_IMPLEMENTATIONS = YES;
				CLANG_WARN_DIRECT_OBJC_ISA_USAGE = YES_ERROR;
				CLANG_WARN_DOCUMENTATION_COMMENTS = YES;
				CLANG_WARN_EMPTY_BODY = YES;
				CLANG_WARN_ENUM_CONVERSION = YES;
				CLANG_WARN_INFINITE_RECURSION = YES;
				CLANG_WARN_INT_CONVERSION = YES;
				CLANG_WARN_NON_LITERAL_NULL_CONVERSION = YES;
				CLANG_WARN_OBJC_IMPLICIT_RETAIN_SELF = YES;
				CLANG_WARN_OBJC_LITERAL_CONVERSION = YES;
				CLANG_WARN_OBJC_ROOT_CLASS = YES_ERROR;
				CLANG_WARN_QUOTED_INCLUDE_IN_FRAMEWORK_HEADER = YES;
				CLANG_WARN_RANGE_LOOP_ANALYSIS = YES;
				CLANG_WARN_STRICT_PROTOTYPES = YES;
				CLANG_WARN_SUSPICIOUS_MOVE = YES;
				CLANG_WARN_UNGUARDED_AVAILABILITY = YES_AGGRESSIVE;
				CLANG_WARN_UNREACHABLE_CODE = YES;
				CLANG_WARN__DUPLICATE_METHOD_MATCH = YES;
				COPY_PHASE_STRIP = NO;
				DEBUG_INFORMATION_FORMAT = dwarf;
				ENABLE_STRICT_OBJC_MSGSEND = YES;
				ENABLE_TESTABILITY = YES;
				ENABLE_USER_SCRIPT_SANDBOXING = YES;
				GCC_C_LANGUAGE_STANDARD = gnu17;
				GCC_DYNAMIC_NO_PIC = NO;
				GCC_NO_COMMON_BLOCKS = YES;
				GCC_OPTIMIZATION_LEVEL = 0;
				GCC_PREPROCESSOR_DEFINITIONS = (
					"DEBUG=1",
					"$(inherited)",
				);
				GCC_WARN_64_TO_32_BIT_CONVERSION = YES;
				GCC_WARN_ABOUT_RETURN_TYPE = YES_ERROR;
				GCC_WARN_UNDECLARED_SELECTOR = YES;
				GCC_WARN_UNINITIALIZED_AUTOS = YES_AGGRESSIVE;
				GCC_WARN_UNUSED_FUNCTION = YES;
				GCC_WARN_UNUSED_VARIABLE = YES;
				IPHONEOS_DEPLOYMENT_TARGET = 17.0;
				LOCALIZATION_PREFERS_STRING_CATALOGS = YES;
				MTL_ENABLE_DEBUG_INFO = INCLUDE_SOURCE;
				MTL_FAST_MATH = YES;
				ONLY_ACTIVE_ARCH = YES;
				SDKROOT = iphoneos;
				SWIFT_ACTIVE_COMPILATION_CONDITIONS = "DEBUG $(inherited)";
				SWIFT_OPTIMIZATION_LEVEL = "-Onone";
			};
			name = Debug;
		};
		BB841D682A69DCCB00D68185 /* Release */ = {
			isa = XCBuildConfiguration;
			buildSettings = {
				ALWAYS_SEARCH_USER_PATHS = NO;
				ASSETCATALOG_COMPILER_GENERATE_SWIFT_ASSET_SYMBOL_EXTENSIONS = YES;
				CLANG_ANALYZER_NONNULL = YES;
				CLANG_ANALYZER_NUMBER_OBJECT_CONVERSION = YES_AGGRESSIVE;
				CLANG_CXX_LANGUAGE_STANDARD = "gnu++20";
				CLANG_ENABLE_MODULES = YES;
				CLANG_ENABLE_OBJC_ARC = YES;
				CLANG_ENABLE_OBJC_WEAK = YES;
				CLANG_WARN_BLOCK_CAPTURE_AUTORELEASING = YES;
				CLANG_WARN_BOOL_CONVERSION = YES;
				CLANG_WARN_COMMA = YES;
				CLANG_WARN_CONSTANT_CONVERSION = YES;
				CLANG_WARN_DEPRECATED_OBJC_IMPLEMENTATIONS = YES;
				CLANG_WARN_DIRECT_OBJC_ISA_USAGE = YES_ERROR;
				CLANG_WARN_DOCUMENTATION_COMMENTS = YES;
				CLANG_WARN_EMPTY_BODY = YES;
				CLANG_WARN_ENUM_CONVERSION = YES;
				CLANG_WARN_INFINITE_RECURSION = YES;
				CLANG_WARN_INT_CONVERSION = YES;
				CLANG_WARN_NON_LITERAL_NULL_CONVERSION = YES;
				CLANG_WARN_OBJC_IMPLICIT_RETAIN_SELF = YES;
				CLANG_WARN_OBJC_LITERAL_CONVERSION = YES;
				CLANG_WARN_OBJC_ROOT_CLASS = YES_ERROR;
				CLANG_WARN_QUOTED_INCLUDE_IN_FRAMEWORK_HEADER = YES;
				CLANG_WARN_RANGE_LOOP_ANALYSIS = YES;
				CLANG_WARN_STRICT_PROTOTYPES = YES;
				CLANG_WARN_SUSPICIOUS_MOVE = YES;
				CLANG_WARN_UNGUARDED_AVAILABILITY = YES_AGGRESSIVE;
				CLANG_WARN_UNREACHABLE_CODE = YES;
				CLANG_WARN__DUPLICATE_METHOD_MATCH = YES;
				COPY_PHASE_STRIP = NO;
				DEBUG_INFORMATION_FORMAT = "dwarf-with-dsym";
				ENABLE_NS_ASSERTIONS = NO;
				ENABLE_STRICT_OBJC_MSGSEND = YES;
				ENABLE_USER_SCRIPT_SANDBOXING = YES;
				GCC_C_LANGUAGE_STANDARD = gnu17;
				GCC_NO_COMMON_BLOCKS = YES;
				GCC_WARN_64_TO_32_BIT_CONVERSION = YES;
				GCC_WARN_ABOUT_RETURN_TYPE = YES_ERROR;
				GCC_WARN_UNDECLARED_SELECTOR = YES;
				GCC_WARN_UNINITIALIZED_AUTOS = YES_AGGRESSIVE;
				GCC_WARN_UNUSED_FUNCTION = YES;
				GCC_WARN_UNUSED_VARIABLE = YES;
				IPHONEOS_DEPLOYMENT_TARGET = 17.0;
				LOCALIZATION_PREFERS_STRING_CATALOGS = YES;
				MTL_ENABLE_DEBUG_INFO = NO;
				MTL_FAST_MATH = YES;
				SDKROOT = iphoneos;
				SWIFT_COMPILATION_MODE = wholemodule;
				VALIDATE_PRODUCT = YES;
			};
			name = Release;
		};
		BB841D6A2A69DCCB00D68185 /* Debug */ = {
			isa = XCBuildConfiguration;
			buildSettings = {
				ASSETCATALOG_COMPILER_APPICON_NAME = AppIcon;
				ASSETCATALOG_COMPILER_GLOBAL_ACCENT_COLOR_NAME = AccentColor;
				CODE_SIGN_STYLE = Automatic;
				CURRENT_PROJECT_VERSION = 1;
				DEVELOPMENT_ASSET_PATHS = "\"TestIngreso/Preview Content\"";
				ENABLE_PREVIEWS = YES;
				GENERATE_INFOPLIST_FILE = YES;
				INFOPLIST_KEY_UIApplicationSceneManifest_Generation = YES;
				INFOPLIST_KEY_UIApplicationSupportsIndirectInputEvents = YES;
				INFOPLIST_KEY_UILaunchScreen_Generation = YES;
				INFOPLIST_KEY_UISupportedInterfaceOrientations_iPad = "UIInterfaceOrientationPortrait UIInterfaceOrientationPortraitUpsideDown UIInterfaceOrientationLandscapeLeft UIInterfaceOrientationLandscapeRight";
				INFOPLIST_KEY_UISupportedInterfaceOrientations_iPhone = "UIInterfaceOrientationPortrait UIInterfaceOrientationLandscapeLeft UIInterfaceOrientationLandscapeRight";
				LD_RUNPATH_SEARCH_PATHS = (
					"$(inherited)",
					"@executable_path/Frameworks",
				);
				MARKETING_VERSION = 1.0;
				PRODUCT_BUNDLE_IDENTIFIER = com.Andres.TestIngreso;
				PRODUCT_NAME = "$(TARGET_NAME)";
				SWIFT_EMIT_LOC_STRINGS = YES;
				SWIFT_VERSION = 5.0;
				TARGETED_DEVICE_FAMILY = "1,2";
			};
			name = Debug;
		};
		BB841D6B2A69DCCB00D68185 /* Release */ = {
			isa = XCBuildConfiguration;
			buildSettings = {
				ASSETCATALOG_COMPILER_APPICON_NAME = AppIcon;
				ASSETCATALOG_COMPILER_GLOBAL_ACCENT_COLOR_NAME = AccentColor;
				CODE_SIGN_STYLE = Automatic;
				CURRENT_PROJECT_VERSION = 1;
				DEVELOPMENT_ASSET_PATHS = "\"TestIngreso/Preview Content\"";
				ENABLE_PREVIEWS = YES;
				GENERATE_INFOPLIST_FILE = YES;
				INFOPLIST_KEY_UIApplicationSceneManifest_Generation = YES;
				INFOPLIST_KEY_UIApplicationSupportsIndirectInputEvents = YES;
				INFOPLIST_KEY_UILaunchScreen_Generation = YES;
				INFOPLIST_KEY_UISupportedInterfaceOrientations_iPad = "UIInterfaceOrientationPortrait UIInterfaceOrientationPortraitUpsideDown UIInterfaceOrientationLandscapeLeft UIInterfaceOrientationLandscapeRight";
				INFOPLIST_KEY_UISupportedInterfaceOrientations_iPhone = "UIInterfaceOrientationPortrait UIInterfaceOrientationLandscapeLeft UIInterfaceOrientationLandscapeRight";
				LD_RUNPATH_SEARCH_PATHS = (
					"$(inherited)",
					"@executable_path/Frameworks",
				);
				MARKETING_VERSION = 1.0;
				PRODUCT_BUNDLE_IDENTIFIER = com.Andres.TestIngreso;
				PRODUCT_NAME = "$(TARGET_NAME)";
				SWIFT_EMIT_LOC_STRINGS = YES;
				SWIFT_VERSION = 5.0;
				TARGETED_DEVICE_FAMILY = "1,2";
			};
			name = Release;
		};
/* End XCBuildConfiguration section */

/* Begin XCConfigurationList section */
		BB841D562A69DCC800D68185 /* Build configuration list for PBXProject "TestIngreso" */ = {
			isa = XCConfigurationList;
			buildConfigurations = (
				BB841D672A69DCCB00D68185 /* Debug */,
				BB841D682A69DCCB00D68185 /* Release */,
			);
			defaultConfigurationIsVisible = 0;
			defaultConfigurationName = Release;
		};
		BB841D692A69DCCB00D68185 /* Build configuration list for PBXNativeTarget "TestIngreso" */ = {
			isa = XCConfigurationList;
			buildConfigurations = (
				BB841D6A2A69DCCB00D68185 /* Debug */,
				BB841D6B2A69DCCB00D68185 /* Release */,
			);
			defaultConfigurationIsVisible = 0;
			defaultConfigurationName = Release;
		};
/* End XCConfigurationList section */
	};
	rootObject = BB841D532A69DCC800D68185 /* Project object */;
}
